
Microsoft Visual Studio Solution File, Format Version 12.00
# Visual Studio 15
VisualStudioVersion = 15.0.26730.12
MinimumVisualStudioVersion = 10.0.40219.1
Project("{FAE04EC0-301F-11D3-BF4B-00C04F79EFBC}") = "FIS_software", "FIS_software\FIS_software.csproj", "{3C39ED7D-5FC6-4A46-8142-919FFA218060}"
EndProject
Global
	GlobalSection(SolutionConfigurationPlatforms) = preSolution
		Debug|Any CPU = Debug|Any CPU
		Release|Any CPU = Release|Any CPU
	EndGlobalSection
	GlobalSection(ProjectConfigurationPlatforms) = postSolution
		{3C39ED7D-5FC6-4A46-8142-919FFA218060}.Debug|Any CPU.ActiveCfg = Debug|Any CPU
		{3C39ED7D-5FC6-4A46-8142-919FFA218060}.Debug|Any CPU.Build.0 = Debug|Any CPU
		{3C39ED7D-5FC6-4A46-8142-919FFA218060}.Release|Any CPU.ActiveCfg = Release|Any CPU
		{3C39ED7D-5FC6-4A46-8142-919FFA218060}.Release|Any CPU.Build.0 = Release|Any CPU
	EndGlobalSection
	GlobalSection(SolutionProperties) = preSolution
		HideSolutionNode = FALSE
	EndGlobalSection
	GlobalSection(ExtensibilityGlobals) = postSolution
		SolutionGuid = {FA25F718-C703-4CAF-9899-C9BBD58BB5CD}
	EndGlobalSection
EndGlobal
